
Microsoft Visual Studio Solution File, Format Version 12.00
# Visual Studio 15
VisualStudioVersion = 15.0.28010.2041
MinimumVisualStudioVersion = 10.0.40219.1
Project("{9A19103F-16F7-4668-BE54-9A1E7A4F7556}") = "Cake.DotNetCoreEf", "Cake.DotNetCoreEf\Cake.DotNetCoreEf.csproj", "{EF4D86EB-7401-4E38-A02B-AB4884DCB168}"
EndProject
Project("{2150E333-8FDC-42A3-9474-1A3956D46DE8}") = "meta", "meta", "{77CAC347-B714-4AD6-9932-328C59DC9B2B}"
	ProjectSection(SolutionItems) = preProject
		..\.appveyor.yml = ..\.appveyor.yml
		..\build.ps1 = ..\build.ps1
		..\LICENSE = ..\LICENSE
		..\README.md = ..\README.md
		..\recipe.cake = ..\recipe.cake
	EndProjectSection
EndProject
Project("{FAE04EC0-301F-11D3-BF4B-00C04F79EFBC}") = "Cake.DotNetCoreEf.UnitTests", "Cake.DotNetCoreEf.UnitTests\Cake.DotNetCoreEf.UnitTests.csproj", "{8C502FAA-A13C-4051-9716-1C41A4596BED}"
EndProject
Global
	GlobalSection(SolutionConfigurationPlatforms) = preSolution
		Debug|Any CPU = Debug|Any CPU
		Release|Any CPU = Release|Any CPU
	EndGlobalSection
	GlobalSection(ProjectConfigurationPlatforms) = postSolution
		{EF4D86EB-7401-4E38-A02B-AB4884DCB168}.Debug|Any CPU.ActiveCfg = Debug|Any CPU
		{EF4D86EB-7401-4E38-A02B-AB4884DCB168}.Debug|Any CPU.Build.0 = Debug|Any CPU
		{EF4D86EB-7401-4E38-A02B-AB4884DCB168}.Release|Any CPU.ActiveCfg = Release|Any CPU
		{EF4D86EB-7401-4E38-A02B-AB4884DCB168}.Release|Any CPU.Build.0 = Release|Any CPU
		{8C502FAA-A13C-4051-9716-1C41A4596BED}.Debug|Any CPU.ActiveCfg = Debug|Any CPU
		{8C502FAA-A13C-4051-9716-1C41A4596BED}.Debug|Any CPU.Build.0 = Debug|Any CPU
		{8C502FAA-A13C-4051-9716-1C41A4596BED}.Release|Any CPU.ActiveCfg = Release|Any CPU
		{8C502FAA-A13C-4051-9716-1C41A4596BED}.Release|Any CPU.Build.0 = Release|Any CPU
	EndGlobalSection
	GlobalSection(SolutionProperties) = preSolution
		HideSolutionNode = FALSE
	EndGlobalSection
	GlobalSection(ExtensibilityGlobals) = postSolution
		SolutionGuid = {732C4874-8EF7-42F1-82E0-DFF23CD78A46}
	EndGlobalSection
EndGlobal
